
Microsoft Visual Studio Solution File, Format Version 12.00
Project("{FAE04EC0-301F-11D3-BF4B-00C04F79EFBC}") = "Inspe.Common", "src\Inspe.Common\Inspe.Common.csproj", "{5592AF85-90AF-4D11-BD2D-3B5919A5EFAE}"
EndProject
Project("{2150E333-8FDC-42A3-9474-1A3956D46DE8}") = "src", "src", "{20E72C88-7D51-45E6-B4EF-F0F59C546155}"
EndProject
Global
	GlobalSection(SolutionConfigurationPlatforms) = preSolution
		Debug|Any CPU = Debug|Any CPU
		Release|Any CPU = Release|Any CPU
	EndGlobalSection
	GlobalSection(ProjectConfigurationPlatforms) = postSolution
		{5592AF85-90AF-4D11-BD2D-3B5919A5EFAE}.Debug|Any CPU.ActiveCfg = Debug|Any CPU
		{5592AF85-90AF-4D11-BD2D-3B5919A5EFAE}.Debug|Any CPU.Build.0 = Debug|Any CPU
		{5592AF85-90AF-4D11-BD2D-3B5919A5EFAE}.Release|Any CPU.ActiveCfg = Release|Any CPU
		{5592AF85-90AF-4D11-BD2D-3B5919A5EFAE}.Release|Any CPU.Build.0 = Release|Any CPU
	EndGlobalSection
	GlobalSection(NestedProjects) = preSolution
		{5592AF85-90AF-4D11-BD2D-3B5919A5EFAE} = {20E72C88-7D51-45E6-B4EF-F0F59C546155}
	EndGlobalSection
EndGlobal
