
Microsoft Visual Studio Solution File, Format Version 12.00
Project("{2150E333-8FDC-42A3-9474-1A3956D46DE8}") = "Inspe.Common", "Inspe.Common", "{B61B6878-38AC-4812-8F03-B98C30571483}"
EndProject
Project("{2150E333-8FDC-42A3-9474-1A3956D46DE8}") = "src", "src", "{053AC941-A2B1-44A5-898B-058DAADFA9A3}"
EndProject
Project("{FAE04EC0-301F-11D3-BF4B-00C04F79EFBC}") = "Inspe.Common", "Inspe.Common\src\Inspe.Common\Inspe.Common.csproj", "{25AE4570-F02C-46B3-80F2-3F915736CD00}"
EndProject
Project("{2150E333-8FDC-42A3-9474-1A3956D46DE8}") = "STM.Api", "STM.Api", "{AD740411-AAB0-4776-98A9-26B015B65612}"
EndProject
Project("{2150E333-8FDC-42A3-9474-1A3956D46DE8}") = "src", "src", "{E6491DC4-F961-40F8-AB22-F977E1D9FB18}"
EndProject
Project("{FAE04EC0-301F-11D3-BF4B-00C04F79EFBC}") = "STM.Api", "STM.Api\src\STM.Api\STM.Api.csproj", "{B3023D77-479D-4F08-A5A6-3B876533F2E9}"
EndProject
Project("{2150E333-8FDC-42A3-9474-1A3956D46DE8}") = "STM.Services.Federations", "STM.Services.Federations", "{A18C9A5C-3FA3-4B44-8517-0B4E17770F4C}"
EndProject
Project("{2150E333-8FDC-42A3-9474-1A3956D46DE8}") = "src", "src", "{2F1204A0-4053-4746-A924-5E2F0CE691A0}"
EndProject
Project("{FAE04EC0-301F-11D3-BF4B-00C04F79EFBC}") = "STM.Services.Federations", "STM.Services.Federations\src\STM.Services.Federations\STM.Services.Federations.csproj", "{02797FB5-8724-4864-AA9E-11E74D6FBF9B}"
EndProject
Global
	GlobalSection(SolutionConfigurationPlatforms) = preSolution
		Debug|Any CPU = Debug|Any CPU
		Release|Any CPU = Release|Any CPU
	EndGlobalSection
	GlobalSection(ProjectConfigurationPlatforms) = postSolution
		{25AE4570-F02C-46B3-80F2-3F915736CD00}.Debug|Any CPU.ActiveCfg = Debug|Any CPU
		{25AE4570-F02C-46B3-80F2-3F915736CD00}.Debug|Any CPU.Build.0 = Debug|Any CPU
		{25AE4570-F02C-46B3-80F2-3F915736CD00}.Release|Any CPU.ActiveCfg = Release|Any CPU
		{25AE4570-F02C-46B3-80F2-3F915736CD00}.Release|Any CPU.Build.0 = Release|Any CPU
		{B3023D77-479D-4F08-A5A6-3B876533F2E9}.Debug|Any CPU.ActiveCfg = Debug|Any CPU
		{B3023D77-479D-4F08-A5A6-3B876533F2E9}.Debug|Any CPU.Build.0 = Debug|Any CPU
		{B3023D77-479D-4F08-A5A6-3B876533F2E9}.Release|Any CPU.ActiveCfg = Release|Any CPU
		{B3023D77-479D-4F08-A5A6-3B876533F2E9}.Release|Any CPU.Build.0 = Release|Any CPU
		{02797FB5-8724-4864-AA9E-11E74D6FBF9B}.Debug|Any CPU.ActiveCfg = Debug|Any CPU
		{02797FB5-8724-4864-AA9E-11E74D6FBF9B}.Debug|Any CPU.Build.0 = Debug|Any CPU
		{02797FB5-8724-4864-AA9E-11E74D6FBF9B}.Release|Any CPU.ActiveCfg = Release|Any CPU
		{02797FB5-8724-4864-AA9E-11E74D6FBF9B}.Release|Any CPU.Build.0 = Release|Any CPU
	EndGlobalSection
	GlobalSection(NestedProjects) = preSolution
		{053AC941-A2B1-44A5-898B-058DAADFA9A3} = {B61B6878-38AC-4812-8F03-B98C30571483}
		{25AE4570-F02C-46B3-80F2-3F915736CD00} = {053AC941-A2B1-44A5-898B-058DAADFA9A3}
		{E6491DC4-F961-40F8-AB22-F977E1D9FB18} = {AD740411-AAB0-4776-98A9-26B015B65612}
		{B3023D77-479D-4F08-A5A6-3B876533F2E9} = {E6491DC4-F961-40F8-AB22-F977E1D9FB18}
		{2F1204A0-4053-4746-A924-5E2F0CE691A0} = {A18C9A5C-3FA3-4B44-8517-0B4E17770F4C}
		{02797FB5-8724-4864-AA9E-11E74D6FBF9B} = {2F1204A0-4053-4746-A924-5E2F0CE691A0}
	EndGlobalSection
EndGlobal
